
Microsoft Visual Studio Solution File, Format Version 12.00
# Visual Studio 2013
VisualStudioVersion = 12.0.31101.0
MinimumVisualStudioVersion = 10.0.40219.1
Project("{FAE04EC0-301F-11D3-BF4B-00C04F79EFBC}") = "RandomCharPairsTest", "RandomCharPairs\RandomCharPairsTest.csproj", "{F8FBF4FD-D1A3-47F4-8627-207B431AFAE9}"
EndProject
Project("{FAE04EC0-301F-11D3-BF4B-00C04F79EFBC}") = "RandomCharPairsImpl", "RandomCharPairsImpl\RandomCharPairsImpl.csproj", "{FD53C8C4-D628-4195-82ED-4CE62E3FB936}"
EndProject
Global
	GlobalSection(SolutionConfigurationPlatforms) = preSolution
		Debug|Any CPU = Debug|Any CPU
		Release|Any CPU = Release|Any CPU
	EndGlobalSection
	GlobalSection(ProjectConfigurationPlatforms) = postSolution
		{F8FBF4FD-D1A3-47F4-8627-207B431AFAE9}.Debug|Any CPU.ActiveCfg = Debug|Any CPU
		{F8FBF4FD-D1A3-47F4-8627-207B431AFAE9}.Debug|Any CPU.Build.0 = Debug|Any CPU
		{F8FBF4FD-D1A3-47F4-8627-207B431AFAE9}.Release|Any CPU.ActiveCfg = Release|Any CPU
		{F8FBF4FD-D1A3-47F4-8627-207B431AFAE9}.Release|Any CPU.Build.0 = Release|Any CPU
		{FD53C8C4-D628-4195-82ED-4CE62E3FB936}.Debug|Any CPU.ActiveCfg = Debug|Any CPU
		{FD53C8C4-D628-4195-82ED-4CE62E3FB936}.Debug|Any CPU.Build.0 = Debug|Any CPU
		{FD53C8C4-D628-4195-82ED-4CE62E3FB936}.Release|Any CPU.ActiveCfg = Release|Any CPU
		{FD53C8C4-D628-4195-82ED-4CE62E3FB936}.Release|Any CPU.Build.0 = Release|Any CPU
	EndGlobalSection
	GlobalSection(SolutionProperties) = preSolution
		HideSolutionNode = FALSE
	EndGlobalSection
EndGlobal
